
Microsoft Visual Studio Solution File, Format Version 11.00
# Visual C++ Express 2010
Project("{8BC9CEB8-8B4A-11D0-8D11-00A0C91BC942}") = "dcpu-16-Win32", "dcpu-16-Win32\dcpu-16-Win32.vcxproj", "{14F0B5FE-25D6-4ADF-9022-83F6BF12A37B}"
EndProject
Global
	GlobalSection(SolutionConfigurationPlatforms) = preSolution
		Debug|Win32 = Debug|Win32
		Release|Win32 = Release|Win32
	EndGlobalSection
	GlobalSection(ProjectConfigurationPlatforms) = postSolution
		{14F0B5FE-25D6-4ADF-9022-83F6BF12A37B}.Debug|Win32.ActiveCfg = Debug|Win32
		{14F0B5FE-25D6-4ADF-9022-83F6BF12A37B}.Debug|Win32.Build.0 = Debug|Win32
		{14F0B5FE-25D6-4ADF-9022-83F6BF12A37B}.Release|Win32.ActiveCfg = Release|Win32
		{14F0B5FE-25D6-4ADF-9022-83F6BF12A37B}.Release|Win32.Build.0 = Release|Win32
	EndGlobalSection
	GlobalSection(SolutionProperties) = preSolution
		HideSolutionNode = FALSE
	EndGlobalSection
EndGlobal
